// !$*UTF8*$!
{
	archiveVersion = 1;
	classes = {
	};
	objectVersion = 46;
	objects = {

/* Begin PBXBuildFile section */
		E2333CA317861F090036E3AB /* Model.m in Sources */ = {isa = PBXBuildFile; fileRef = E2333CA217861F090036E3AB /* Model.m */; };
		E23B9C71177C92C800226107 /* EditContactView.xib in Resources */ = {isa = PBXBuildFile; fileRef = E23B9C6E177C92C800226107 /* EditContactView.xib */; };
		E23B9C72177C92C800226107 /* EditContactViewController.m in Sources */ = {isa = PBXBuildFile; fileRef = E23B9C70177C92C800226107 /* EditContactViewController.m */; };
		E26D64621773CEC70019989E /* avatarMask.png in Resources */ = {isa = PBXBuildFile; fileRef = E26D64601773CEC70019989E /* avatarMask.png */; };
		E26D64631773CEC70019989E /* avatarBezel.png in Resources */ = {isa = PBXBuildFile; fileRef = E26D64611773CEC70019989E /* avatarBezel.png */; };
		E26D64651773CF530019989E /* circularMask.png in Resources */ = {isa = PBXBuildFile; fileRef = E26D64641773CF530019989E /* circularMask.png */; };
		E26D64951776383C0019989E /* AddContactView.xib in Resources */ = {isa = PBXBuildFile; fileRef = E26D64941776383C0019989E /* AddContactView.xib */; };
		E295D11E1771BE0F00442A1B /* Cocoa.framework in Frameworks */ = {isa = PBXBuildFile; fileRef = E295D11D1771BE0F00442A1B /* Cocoa.framework */; };
		E295D1281771BE0F00442A1B /* InfoPlist.strings in Resources */ = {isa = PBXBuildFile; fileRef = E295D1261771BE0F00442A1B /* InfoPlist.strings */; };
		E295D12A1771BE0F00442A1B /* main.m in Sources */ = {isa = PBXBuildFile; fileRef = E295D1291771BE0F00442A1B /* main.m */; };
		E295D12E1771BE0F00442A1B /* Credits.rtf in Resources */ = {isa = PBXBuildFile; fileRef = E295D12C1771BE0F00442A1B /* Credits.rtf */; };
		E295D1311771BE0F00442A1B /* AppDelegate.m in Sources */ = {isa = PBXBuildFile; fileRef = E295D1301771BE0F00442A1B /* AppDelegate.m */; };
		E295D1341771BE0F00442A1B /* MainMenu.xib in Resources */ = {isa = PBXBuildFile; fileRef = E295D1321771BE0F00442A1B /* MainMenu.xib */; };
		E295D1371771BE0F00442A1B /* SmartContacts.xcdatamodeld in Sources */ = {isa = PBXBuildFile; fileRef = E295D1351771BE0F00442A1B /* SmartContacts.xcdatamodeld */; };
		E295D14A1771DE9C00442A1B /* ContactTableCellView.m in Sources */ = {isa = PBXBuildFile; fileRef = E295D1491771DE9C00442A1B /* ContactTableCellView.m */; };
		E2ADCE8B1772523C00123DCF /* ContactDetailsViewController.m in Sources */ = {isa = PBXBuildFile; fileRef = E2ADCE8A1772523C00123DCF /* ContactDetailsViewController.m */; };
		E2ADCE8D177254FE00123DCF /* ContactDetailsView.xib in Resources */ = {isa = PBXBuildFile; fileRef = E2ADCE8C177254FE00123DCF /* ContactDetailsView.xib */; };
		E2AE4A43177A627800F7DBCA /* MouseDownTextField.m in Sources */ = {isa = PBXBuildFile; fileRef = E2AE4A42177A627800F7DBCA /* MouseDownTextField.m */; };
		E2B4A3211778BDA4008DBE0B /* AddContactViewController.m in Sources */ = {isa = PBXBuildFile; fileRef = E2B4A3201778BDA4008DBE0B /* AddContactViewController.m */; };
		E2B4A3231778D26F008DBE0B /* windowBottomFade.png in Resources */ = {isa = PBXBuildFile; fileRef = E2B4A3221778D26F008DBE0B /* windowBottomFade.png */; };
		E2BDDBCD17837F10008C10B6 /* Contact.m in Sources */ = {isa = PBXBuildFile; fileRef = E2BDDBCC17837F10008C10B6 /* Contact.m */; };
		E2BDDBD01783810D008C10B6 /* Usage.m in Sources */ = {isa = PBXBuildFile; fileRef = E2BDDBCF1783810D008C10B6 /* Usage.m */; };
/* End PBXBuildFile section */

/* Begin PBXFileReference section */
		E2333CA017861DE20036E3AB /* SmartContacts 3.xcdatamodel */ = {isa = PBXFileReference; lastKnownFileType = file; path = "SmartContacts 3.xcdatamodel"; sourceTree = "<group>"; };
		E2333CA117861F090036E3AB /* Model.h */ = {isa = PBXFileReference; fileEncoding = 4; lastKnownFileType = sourcecode.c.h; path = Model.h; sourceTree = "<group>"; };
		E2333CA217861F090036E3AB /* Model.m */ = {isa = PBXFileReference; fileEncoding = 4; lastKnownFileType = sourcecode.c.objc; path = Model.m; sourceTree = "<group>"; };
		E23B9C6E177C92C800226107 /* EditContactView.xib */ = {isa = PBXFileReference; fileEncoding = 4; lastKnownFileType = file.xib; name = EditContactView.xib; path = SmartContacts/EditContactView.xib; sourceTree = "<group>"; };
		E23B9C6F177C92C800226107 /* EditContactViewController.h */ = {isa = PBXFileReference; fileEncoding = 4; lastKnownFileType = sourcecode.c.h; path = EditContactViewController.h; sourceTree = "<group>"; };
		E23B9C70177C92C800226107 /* EditContactViewController.m */ = {isa = PBXFileReference; fileEncoding = 4; lastKnownFileType = sourcecode.c.objc; path = EditContactViewController.m; sourceTree = "<group>"; };
		E26D64601773CEC70019989E /* avatarMask.png */ = {isa = PBXFileReference; lastKnownFileType = image.png; path = avatarMask.png; sourceTree = "<group>"; };
		E26D64611773CEC70019989E /* avatarBezel.png */ = {isa = PBXFileReference; lastKnownFileType = image.png; path = avatarBezel.png; sourceTree = "<group>"; };
		E26D64641773CF530019989E /* circularMask.png */ = {isa = PBXFileReference; lastKnownFileType = image.png; path = circularMask.png; sourceTree = "<group>"; };
		E26D64941776383C0019989E /* AddContactView.xib */ = {isa = PBXFileReference; fileEncoding = 4; lastKnownFileType = file.xib; name = AddContactView.xib; path = SmartContacts/AddContactView.xib; sourceTree = "<group>"; };
		E295D11A1771BE0F00442A1B /* SmartContacts.app */ = {isa = PBXFileReference; explicitFileType = wrapper.application; includeInIndex = 0; path = SmartContacts.app; sourceTree = BUILT_PRODUCTS_DIR; };
		E295D11D1771BE0F00442A1B /* Cocoa.framework */ = {isa = PBXFileReference; lastKnownFileType = wrapper.framework; name = Cocoa.framework; path = System/Library/Frameworks/Cocoa.framework; sourceTree = SDKROOT; };
		E295D1201771BE0F00442A1B /* AppKit.framework */ = {isa = PBXFileReference; lastKnownFileType = wrapper.framework; name = AppKit.framework; path = System/Library/Frameworks/AppKit.framework; sourceTree = SDKROOT; };
		E295D1211771BE0F00442A1B /* CoreData.framework */ = {isa = PBXFileReference; lastKnownFileType = wrapper.framework; name = CoreData.framework; path = System/Library/Frameworks/CoreData.framework; sourceTree = SDKROOT; };
		E295D1221771BE0F00442A1B /* Foundation.framework */ = {isa = PBXFileReference; lastKnownFileType = wrapper.framework; name = Foundation.framework; path = System/Library/Frameworks/Foundation.framework; sourceTree = SDKROOT; };
		E295D1251771BE0F00442A1B /* SmartContacts-Info.plist */ = {isa = PBXFileReference; lastKnownFileType = text.plist.xml; path = "SmartContacts-Info.plist"; sourceTree = "<group>"; };
		E295D1271771BE0F00442A1B /* en */ = {isa = PBXFileReference; lastKnownFileType = text.plist.strings; name = en; path = en.lproj/InfoPlist.strings; sourceTree = "<group>"; };
		E295D1291771BE0F00442A1B /* main.m */ = {isa = PBXFileReference; lastKnownFileType = sourcecode.c.objc; path = main.m; sourceTree = "<group>"; };
		E295D12B1771BE0F00442A1B /* SmartContacts-Prefix.pch */ = {isa = PBXFileReference; lastKnownFileType = sourcecode.c.h; path = "SmartContacts-Prefix.pch"; sourceTree = "<group>"; };
		E295D12D1771BE0F00442A1B /* en */ = {isa = PBXFileReference; lastKnownFileType = text.rtf; name = en; path = en.lproj/Credits.rtf; sourceTree = "<group>"; };
		E295D12F1771BE0F00442A1B /* AppDelegate.h */ = {isa = PBXFileReference; lastKnownFileType = sourcecode.c.h; path = AppDelegate.h; sourceTree = "<group>"; };
		E295D1301771BE0F00442A1B /* AppDelegate.m */ = {isa = PBXFileReference; lastKnownFileType = sourcecode.c.objc; path = AppDelegate.m; sourceTree = "<group>"; };
		E295D1331771BE0F00442A1B /* en */ = {isa = PBXFileReference; lastKnownFileType = file.xib; name = en; path = en.lproj/MainMenu.xib; sourceTree = "<group>"; };
		E295D1361771BE0F00442A1B /* SmartContacts 1.xcdatamodel */ = {isa = PBXFileReference; lastKnownFileType = wrapper.xcdatamodel; path = "SmartContacts 1.xcdatamodel"; sourceTree = "<group>"; };
		E295D1481771DE9C00442A1B /* ContactTableCellView.h */ = {isa = PBXFileReference; fileEncoding = 4; lastKnownFileType = sourcecode.c.h; path = ContactTableCellView.h; sourceTree = "<group>"; };
		E295D1491771DE9C00442A1B /* ContactTableCellView.m */ = {isa = PBXFileReference; fileEncoding = 4; lastKnownFileType = sourcecode.c.objc; path = ContactTableCellView.m; sourceTree = "<group>"; };
		E2ADCE891772523C00123DCF /* ContactDetailsViewController.h */ = {isa = PBXFileReference; fileEncoding = 4; lastKnownFileType = sourcecode.c.h; path = ContactDetailsViewController.h; sourceTree = "<group>"; };
		E2ADCE8A1772523C00123DCF /* ContactDetailsViewController.m */ = {isa = PBXFileReference; fileEncoding = 4; lastKnownFileType = sourcecode.c.objc; path = ContactDetailsViewController.m; sourceTree = "<group>"; };
		E2ADCE8C177254FE00123DCF /* ContactDetailsView.xib */ = {isa = PBXFileReference; fileEncoding = 4; lastKnownFileType = file.xib; name = ContactDetailsView.xib; path = SmartContacts/ContactDetailsView.xib; sourceTree = "<group>"; };
		E2AE4A41177A627800F7DBCA /* MouseDownTextField.h */ = {isa = PBXFileReference; fileEncoding = 4; lastKnownFileType = sourcecode.c.h; path = MouseDownTextField.h; sourceTree = "<group>"; };
		E2AE4A42177A627800F7DBCA /* MouseDownTextField.m */ = {isa = PBXFileReference; fileEncoding = 4; lastKnownFileType = sourcecode.c.objc; path = MouseDownTextField.m; sourceTree = "<group>"; };
		E2B4A31F1778BDA4008DBE0B /* AddContactViewController.h */ = {isa = PBXFileReference; fileEncoding = 4; lastKnownFileType = sourcecode.c.h; path = AddContactViewController.h; sourceTree = "<group>"; };
		E2B4A3201778BDA4008DBE0B /* AddContactViewController.m */ = {isa = PBXFileReference; fileEncoding = 4; lastKnownFileType = sourcecode.c.objc; path = AddContactViewController.m; sourceTree = "<group>"; };
		E2B4A3221778D26F008DBE0B /* windowBottomFade.png */ = {isa = PBXFileReference; lastKnownFileType = image.png; path = windowBottomFade.png; sourceTree = "<group>"; };
		E2BDDBCB17837F10008C10B6 /* Contact.h */ = {isa = PBXFileReference; fileEncoding = 4; lastKnownFileType = sourcecode.c.h; path = Contact.h; sourceTree = "<group>"; };
		E2BDDBCC17837F10008C10B6 /* Contact.m */ = {isa = PBXFileReference; fileEncoding = 4; lastKnownFileType = sourcecode.c.objc; path = Contact.m; sourceTree = "<group>"; };
		E2BDDBCE1783810D008C10B6 /* Usage.h */ = {isa = PBXFileReference; fileEncoding = 4; lastKnownFileType = sourcecode.c.h; path = Usage.h; sourceTree = "<group>"; };
		E2BDDBCF1783810D008C10B6 /* Usage.m */ = {isa = PBXFileReference; fileEncoding = 4; lastKnownFileType = sourcecode.c.objc; path = Usage.m; sourceTree = "<group>"; };
		E2EE810D178372A200624A1E /* SmartContacts 2.xcdatamodel */ = {isa = PBXFileReference; lastKnownFileType = wrapper.xcdatamodel; path = "SmartContacts 2.xcdatamodel"; sourceTree = "<group>"; };
/* End PBXFileReference section */

/* Begin PBXFrameworksBuildPhase section */
		E295D1171771BE0F00442A1B /* Frameworks */ = {
			isa = PBXFrameworksBuildPhase;
			buildActionMask = 2147483647;
			files = (
				E295D11E1771BE0F00442A1B /* Cocoa.framework in Frameworks */,
			);
			runOnlyForDeploymentPostprocessing = 0;
		};
/* End PBXFrameworksBuildPhase section */

/* Begin PBXGroup section */
		E295D1111771BE0F00442A1B = {
			isa = PBXGroup;
			children = (
				E295D1231771BE0F00442A1B /* SmartContacts */,
				E295D11C1771BE0F00442A1B /* Frameworks */,
				E295D11B1771BE0F00442A1B /* Products */,
			);
			sourceTree = "<group>";
		};
		E295D11B1771BE0F00442A1B /* Products */ = {
			isa = PBXGroup;
			children = (
				E295D11A1771BE0F00442A1B /* SmartContacts.app */,
			);
			name = Products;
			sourceTree = "<group>";
		};
		E295D11C1771BE0F00442A1B /* Frameworks */ = {
			isa = PBXGroup;
			children = (
				E295D1201771BE0F00442A1B /* AppKit.framework */,
				E295D11D1771BE0F00442A1B /* Cocoa.framework */,
				E295D1211771BE0F00442A1B /* CoreData.framework */,
				E295D1221771BE0F00442A1B /* Foundation.framework */,
			);
			name = Frameworks;
			sourceTree = "<group>";
		};
		E295D1231771BE0F00442A1B /* SmartContacts */ = {
			isa = PBXGroup;
			children = (
				E295D12F1771BE0F00442A1B /* AppDelegate.h */,
				E295D1301771BE0F00442A1B /* AppDelegate.m */,
				E295D1481771DE9C00442A1B /* ContactTableCellView.h */,
				E295D1491771DE9C00442A1B /* ContactTableCellView.m */,
				E2AE4A41177A627800F7DBCA /* MouseDownTextField.h */,
				E2AE4A42177A627800F7DBCA /* MouseDownTextField.m */,
				E2AE4A4A177A6FDC00F7DBCA /* Controllers */,
				E2AE4A46177A69EF00F7DBCA /* Views */,
				E295D13D1771BE2300442A1B /* Resources */,
				E295D13E1771BF5A00442A1B /* Data */,
				E295D1241771BE0F00442A1B /* Supporting Files */,
			);
			path = SmartContacts;
			sourceTree = "<group>";
		};
		E295D1241771BE0F00442A1B /* Supporting Files */ = {
			isa = PBXGroup;
			children = (
				E295D1291771BE0F00442A1B /* main.m */,
				E295D12C1771BE0F00442A1B /* Credits.rtf */,
				E295D1261771BE0F00442A1B /* InfoPlist.strings */,
				E295D1251771BE0F00442A1B /* SmartContacts-Info.plist */,
				E295D12B1771BE0F00442A1B /* SmartContacts-Prefix.pch */,
			);
			name = "Supporting Files";
			sourceTree = "<group>";
		};
		E295D13D1771BE2300442A1B /* Resources */ = {
			isa = PBXGroup;
			children = (
				E26D64601773CEC70019989E /* avatarMask.png */,
				E26D64611773CEC70019989E /* avatarBezel.png */,
				E26D64641773CF530019989E /* circularMask.png */,
				E2B4A3221778D26F008DBE0B /* windowBottomFade.png */,
			);
			name = Resources;
			sourceTree = "<group>";
		};
		E295D13E1771BF5A00442A1B /* Data */ = {
			isa = PBXGroup;
			children = (
				E295D1351771BE0F00442A1B /* SmartContacts.xcdatamodeld */,
				E2333CA117861F090036E3AB /* Model.h */,
				E2333CA217861F090036E3AB /* Model.m */,
				E2BDDBCE1783810D008C10B6 /* Usage.h */,
				E2BDDBCF1783810D008C10B6 /* Usage.m */,
				E2BDDBCB17837F10008C10B6 /* Contact.h */,
				E2BDDBCC17837F10008C10B6 /* Contact.m */,
			);
			name = Data;
			sourceTree = "<group>";
		};
		E2AE4A46177A69EF00F7DBCA /* Views */ = {
			isa = PBXGroup;
			children = (
				E295D1321771BE0F00442A1B /* MainMenu.xib */,
				E2ADCE8C177254FE00123DCF /* ContactDetailsView.xib */,
				E23B9C6E177C92C800226107 /* EditContactView.xib */,
				E26D64941776383C0019989E /* AddContactView.xib */,
			);
			name = Views;
			path = ..;
			sourceTree = "<group>";
		};
		E2AE4A4A177A6FDC00F7DBCA /* Controllers */ = {
			isa = PBXGroup;
			children = (
				E2ADCE891772523C00123DCF /* ContactDetailsViewController.h */,
				E2ADCE8A1772523C00123DCF /* ContactDetailsViewController.m */,
				E23B9C6F177C92C800226107 /* EditContactViewController.h */,
				E23B9C70177C92C800226107 /* EditContactViewController.m */,
				E2B4A31F1778BDA4008DBE0B /* AddContactViewController.h */,
				E2B4A3201778BDA4008DBE0B /* AddContactViewController.m */,
			);
			name = Controllers;
			sourceTree = "<group>";
		};
/* End PBXGroup section */

/* Begin PBXNativeTarget section */
		E295D1191771BE0F00442A1B /* SmartContacts */ = {
			isa = PBXNativeTarget;
			buildConfigurationList = E295D13A1771BE0F00442A1B /* Build configuration list for PBXNativeTarget "SmartContacts" */;
			buildPhases = (
				E295D1161771BE0F00442A1B /* Sources */,
				E295D1171771BE0F00442A1B /* Frameworks */,
				E295D1181771BE0F00442A1B /* Resources */,
			);
			buildRules = (
			);
			dependencies = (
			);
			name = SmartContacts;
			productName = SmartContacts;
			productReference = E295D11A1771BE0F00442A1B /* SmartContacts.app */;
			productType = "com.apple.product-type.application";
		};
/* End PBXNativeTarget section */

/* Begin PBXProject section */
		E295D1121771BE0F00442A1B /* Project object */ = {
			isa = PBXProject;
			attributes = {
				LastUpgradeCheck = 0460;
				ORGANIZATIONNAME = "Tom Bell";
			};
			buildConfigurationList = E295D1151771BE0F00442A1B /* Build configuration list for PBXProject "SmartContacts" */;
			compatibilityVersion = "Xcode 3.2";
			developmentRegion = English;
			hasScannedForEncodings = 0;
			knownRegions = (
				en,
			);
			mainGroup = E295D1111771BE0F00442A1B;
			productRefGroup = E295D11B1771BE0F00442A1B /* Products */;
			projectDirPath = "";
			projectRoot = "";
			targets = (
				E295D1191771BE0F00442A1B /* SmartContacts */,
			);
		};
/* End PBXProject section */

/* Begin PBXResourcesBuildPhase section */
		E295D1181771BE0F00442A1B /* Resources */ = {
			isa = PBXResourcesBuildPhase;
			buildActionMask = 2147483647;
			files = (
				E295D1281771BE0F00442A1B /* InfoPlist.strings in Resources */,
				E295D12E1771BE0F00442A1B /* Credits.rtf in Resources */,
				E295D1341771BE0F00442A1B /* MainMenu.xib in Resources */,
				E2ADCE8D177254FE00123DCF /* ContactDetailsView.xib in Resources */,
				E26D64621773CEC70019989E /* avatarMask.png in Resources */,
				E26D64631773CEC70019989E /* avatarBezel.png in Resources */,
				E26D64651773CF530019989E /* circularMask.png in Resources */,
				E26D64951776383C0019989E /* AddContactView.xib in Resources */,
				E2B4A3231778D26F008DBE0B /* windowBottomFade.png in Resources */,
				E23B9C71177C92C800226107 /* EditContactView.xib in Resources */,
			);
			runOnlyForDeploymentPostprocessing = 0;
		};
/* End PBXResourcesBuildPhase section */

/* Begin PBXSourcesBuildPhase section */
		E295D1161771BE0F00442A1B /* Sources */ = {
			isa = PBXSourcesBuildPhase;
			buildActionMask = 2147483647;
			files = (
				E295D12A1771BE0F00442A1B /* main.m in Sources */,
				E295D1311771BE0F00442A1B /* AppDelegate.m in Sources */,
				E295D1371771BE0F00442A1B /* SmartContacts.xcdatamodeld in Sources */,
				E295D14A1771DE9C00442A1B /* ContactTableCellView.m in Sources */,
				E2ADCE8B1772523C00123DCF /* ContactDetailsViewController.m in Sources */,
				E2B4A3211778BDA4008DBE0B /* AddContactViewController.m in Sources */,
				E2AE4A43177A627800F7DBCA /* MouseDownTextField.m in Sources */,
				E23B9C72177C92C800226107 /* EditContactViewController.m in Sources */,
				E2BDDBCD17837F10008C10B6 /* Contact.m in Sources */,
				E2BDDBD01783810D008C10B6 /* Usage.m in Sources */,
				E2333CA317861F090036E3AB /* Model.m in Sources */,
			);
			runOnlyForDeploymentPostprocessing = 0;
		};
/* End PBXSourcesBuildPhase section */

/* Begin PBXVariantGroup section */
		E295D1261771BE0F00442A1B /* InfoPlist.strings */ = {
			isa = PBXVariantGroup;
			children = (
				E295D1271771BE0F00442A1B /* en */,
			);
			name = InfoPlist.strings;
			sourceTree = "<group>";
		};
		E295D12C1771BE0F00442A1B /* Credits.rtf */ = {
			isa = PBXVariantGroup;
			children = (
				E295D12D1771BE0F00442A1B /* en */,
			);
			name = Credits.rtf;
			sourceTree = "<group>";
		};
		E295D1321771BE0F00442A1B /* MainMenu.xib */ = {
			isa = PBXVariantGroup;
			children = (
				E295D1331771BE0F00442A1B /* en */,
			);
			name = MainMenu.xib;
			path = SmartContacts;
			sourceTree = "<group>";
		};
/* End PBXVariantGroup section */

/* Begin XCBuildConfiguration section */
		E295D1381771BE0F00442A1B /* Debug */ = {
			isa = XCBuildConfiguration;
			buildSettings = {
				ALWAYS_SEARCH_USER_PATHS = NO;
				ARCHS = "$(ARCHS_STANDARD_64_BIT)";
				CLANG_CXX_LANGUAGE_STANDARD = "gnu++0x";
				CLANG_CXX_LIBRARY = "libc++";
				CLANG_ENABLE_OBJC_ARC = YES;
				CLANG_WARN_CONSTANT_CONVERSION = YES;
				CLANG_WARN_EMPTY_BODY = YES;
				CLANG_WARN_ENUM_CONVERSION = YES;
				CLANG_WARN_INT_CONVERSION = YES;
				CLANG_WARN__DUPLICATE_METHOD_MATCH = YES;
				COPY_PHASE_STRIP = NO;
				GCC_C_LANGUAGE_STANDARD = gnu99;
				GCC_DYNAMIC_NO_PIC = NO;
				GCC_ENABLE_OBJC_EXCEPTIONS = YES;
				GCC_OPTIMIZATION_LEVEL = 0;
				GCC_PREPROCESSOR_DEFINITIONS = (
					"DEBUG=1",
					"$(inherited)",
				);
				GCC_SYMBOLS_PRIVATE_EXTERN = NO;
				GCC_WARN_64_TO_32_BIT_CONVERSION = YES;
				GCC_WARN_ABOUT_RETURN_TYPE = YES;
				GCC_WARN_UNINITIALIZED_AUTOS = YES;
				GCC_WARN_UNUSED_VARIABLE = YES;
				MACOSX_DEPLOYMENT_TARGET = 10.8;
				ONLY_ACTIVE_ARCH = YES;
				SDKROOT = macosx;
			};
			name = Debug;
		};
		E295D1391771BE0F00442A1B /* Release */ = {
			isa = XCBuildConfiguration;
			buildSettings = {
				ALWAYS_SEARCH_USER_PATHS = NO;
				ARCHS = "$(ARCHS_STANDARD_64_BIT)";
				CLANG_CXX_LANGUAGE_STANDARD = "gnu++0x";
				CLANG_CXX_LIBRARY = "libc++";
				CLANG_ENABLE_OBJC_ARC = YES;
				CLANG_WARN_CONSTANT_CONVERSION = YES;
				CLANG_WARN_EMPTY_BODY = YES;
				CLANG_WARN_ENUM_CONVERSION = YES;
				CLANG_WARN_INT_CONVERSION = YES;
				CLANG_WARN__DUPLICATE_METHOD_MATCH = YES;
				COPY_PHASE_STRIP = YES;
				DEBUG_INFORMATION_FORMAT = "dwarf-with-dsym";
				GCC_C_LANGUAGE_STANDARD = gnu99;
				GCC_ENABLE_OBJC_EXCEPTIONS = YES;
				GCC_WARN_64_TO_32_BIT_CONVERSION = YES;
				GCC_WARN_ABOUT_RETURN_TYPE = YES;
				GCC_WARN_UNINITIALIZED_AUTOS = YES;
				GCC_WARN_UNUSED_VARIABLE = YES;
				MACOSX_DEPLOYMENT_TARGET = 10.8;
				SDKROOT = macosx;
			};
			name = Release;
		};
		E295D13B1771BE0F00442A1B /* Debug */ = {
			isa = XCBuildConfiguration;
			buildSettings = {
				COMBINE_HIDPI_IMAGES = YES;
				GCC_PRECOMPILE_PREFIX_HEADER = YES;
				GCC_PREFIX_HEADER = "SmartContacts/SmartContacts-Prefix.pch";
				INFOPLIST_FILE = "SmartContacts/SmartContacts-Info.plist";
				PRODUCT_NAME = "$(TARGET_NAME)";
				WRAPPER_EXTENSION = app;
			};
			name = Debug;
		};
		E295D13C1771BE0F00442A1B /* Release */ = {
			isa = XCBuildConfiguration;
			buildSettings = {
				COMBINE_HIDPI_IMAGES = YES;
				GCC_PRECOMPILE_PREFIX_HEADER = YES;
				GCC_PREFIX_HEADER = "SmartContacts/SmartContacts-Prefix.pch";
				INFOPLIST_FILE = "SmartContacts/SmartContacts-Info.plist";
				PRODUCT_NAME = "$(TARGET_NAME)";
				WRAPPER_EXTENSION = app;
			};
			name = Release;
		};
/* End XCBuildConfiguration section */

/* Begin XCConfigurationList section */
		E295D1151771BE0F00442A1B /* Build configuration list for PBXProject "SmartContacts" */ = {
			isa = XCConfigurationList;
			buildConfigurations = (
				E295D1381771BE0F00442A1B /* Debug */,
				E295D1391771BE0F00442A1B /* Release */,
			);
			defaultConfigurationIsVisible = 0;
			defaultConfigurationName = Release;
		};
		E295D13A1771BE0F00442A1B /* Build configuration list for PBXNativeTarget "SmartContacts" */ = {
			isa = XCConfigurationList;
			buildConfigurations = (
				E295D13B1771BE0F00442A1B /* Debug */,
				E295D13C1771BE0F00442A1B /* Release */,
			);
			defaultConfigurationIsVisible = 0;
			defaultConfigurationName = Release;
		};
/* End XCConfigurationList section */

/* Begin XCVersionGroup section */
		E295D1351771BE0F00442A1B /* SmartContacts.xcdatamodeld */ = {
			isa = XCVersionGroup;
			children = (
				E2333CA017861DE20036E3AB /* SmartContacts 3.xcdatamodel */,
				E2EE810D178372A200624A1E /* SmartContacts 2.xcdatamodel */,
				E295D1361771BE0F00442A1B /* SmartContacts 1.xcdatamodel */,
			);
			currentVersion = E2333CA017861DE20036E3AB /* SmartContacts 3.xcdatamodel */;
			path = SmartContacts.xcdatamodeld;
			sourceTree = "<group>";
			versionGroupType = wrapper.xcdatamodel;
		};
/* End XCVersionGroup section */
	};
	rootObject = E295D1121771BE0F00442A1B /* Project object */;
}
